PODS:
  - coinbase_wallet_sdk (0.0.1):
    - CoinbaseWalletSDK/CrossPlatform (= 1.1.0)
    - Flutter
  - CoinbaseWalletSDK/Client (1.1.0)
  - CoinbaseWalletSDK/CrossPlatform (1.1.0):
    - CoinbaseWalletSDK/Client
  - Flutter (1.0.0)

DEPENDENCIES:
  - coinbase_wallet_sdk (from `.symlinks/plugins/coinbase_wallet_sdk/ios`)
  - CoinbaseWalletSDK/CrossPlatform (from `../../../`)
  - Flutter (from `Flutter`)

EXTERNAL SOURCES:
  coinbase_wallet_sdk:
    :path: ".symlinks/plugins/coinbase_wallet_sdk/ios"
  CoinbaseWalletSDK:
    :path: "../../../"
  Flutter:
    :path: Flutter

SPEC CHECKSUMS:
  coinbase_wallet_sdk: c776890d90183e736a597e3b768ea7b7251985ce
  CoinbaseWalletSDK: 88aeb923d688c83c1d4e334d96778d7857c651d2
  Flutter: e0871f40cf51350855a761d2e70bf5af5b9b5de7

PODFILE CHECKSUM: 68b6551551cae09c348a14eb4b4c634c3ed7db74

COCOAPODS: 1.16.2
