PODS:
  - coinbase_wallet_sdk (0.0.1):
    - CoinbaseWalletSDK/CrossPlatform (= 1.1.2)
    - Flutter
  - CoinbaseWalletSDK/Client (1.1.2)
  - CoinbaseWalletSDK/CrossPlatform (1.1.2):
    - CoinbaseWalletSDK/Client
  - Flutter (1.0.0)

DEPENDENCIES:
  - coinbase_wallet_sdk (from `.symlinks/plugins/coinbase_wallet_sdk/ios`)
  - CoinbaseWalletSDK/CrossPlatform (from `../../../`)
  - Flutter (from `Flutter`)

EXTERNAL SOURCES:
  coinbase_wallet_sdk:
    :path: ".symlinks/plugins/coinbase_wallet_sdk/ios"
  CoinbaseWalletSDK:
    :path: "../../../"
  Flutter:
    :path: Flutter

SPEC CHECKSUMS:
  coinbase_wallet_sdk: 9d84d6dc61c61cdee5d4519f114f2553a12fbfd5
  CoinbaseWalletSDK: 1d47a87e69aaa8b471db52a5df5fa32016c9a2cb
  Flutter: e0871f40cf51350855a761d2e70bf5af5b9b5de7

PODFILE CHECKSUM: 68b6551551cae09c348a14eb4b4c634c3ed7db74

COCOAPODS: 1.16.2
